<?xml version="1.0" encoding="utf-8"?>
<Project ToolsVersion="4.0" xmlns="http://schemas.microsoft.com/developer/msbuild/2003">
  <ItemGroup>
    <Filter Include="Resource Files">
      <UniqueIdentifier>{67DA6AB6-F800-4c08-8B7A-83BB121AAD01}</UniqueIdentifier>
      <Extensions>rc;ico;cur;bmp;dlg;rc2;rct;bin;rgs;gif;jpg;jpeg;jpe;resx;tiff;tif;png;wav;mfcribbon-ms</Extensions>
    </Filter>
    <Filter Include="src">
      <UniqueIdentifier>{4FC737F1-C7A5-4376-A066-2A32D752A2FF}</UniqueIdentifier>
      <Extensions>cpp;c;cc;cxx;def;odl;idl;hpj;bat;asm;asmx</Extensions>
    </Filter>
    <Filter Include="shaders">
      <UniqueIdentifier>{2e6e3a8f-783b-45a0-a352-3a0acc6139b1}</UniqueIdentifier>
    </Filter>
    <Filter Include="src\common">
      <UniqueIdentifier>{97e69d26-c8b5-4e04-b885-faa764d7023a}</UniqueIdentifier>
    </Filter>
    <Filter Include="src\rendering">
      <UniqueIdentifier>{76dc3452-5d53-4aef-b593-143b60d26017}</UniqueIdentifier>
    </Filter>
    <Filter Include="src\meshes">
      <UniqueIdentifier>{0a04b56f-180b-4b62-bf06-9db817fea14e}</UniqueIdentifier>
    </Filter>
    <Filter Include="headers">
      <UniqueIdentifier>{93995380-89BD-4b04-88EB-625FBE52EBFB}</UniqueIdentifier>
      <Extensions>h;hh;hpp;hxx;hm;inl;inc;xsd</Extensions>
    </Filter>
    <Filter Include="headers\common">
      <UniqueIdentifier>{5f84351e-e789-4f17-8132-dcae30427e6d}</UniqueIdentifier>
    </Filter>
    <Filter Include="headers\rendering">
      <UniqueIdentifier>{0902700f-afc3-4c33-afda-3f89ba99f2e6}</UniqueIdentifier>
    </Filter>
    <Filter Include="headers\meshes">
      <UniqueIdentifier>{9e0e7d06-2301-4f18-9374-6cd0815575d5}</UniqueIdentifier>
    </Filter>
    <Filter Include="Themes">
      <UniqueIdentifier>{adbe610f-494c-44b1-9077-a72cb2798894}</UniqueIdentifier>
    </Filter>
    <Filter Include="Themes\Dark">
      <UniqueIdentifier>{85f86053-2d83-4d84-9d00-f31dd40fd42b}</UniqueIdentifier>
    </Filter>
    <Filter Include="Themes\Dark\Views">
      <UniqueIdentifier>{bbc8673a-708f-4681-90ca-fc54d7ce3c9a}</UniqueIdentifier>
    </Filter>
    <Filter Include="Themes\Dark\Styles">
      <UniqueIdentifier>{782a7495-7e8c-4a15-b32b-25de33d85aa8}</UniqueIdentifier>
    </Filter>
    <Filter Include="Themes\Dark\Content">
      <UniqueIdentifier>{28292270-5476-4dfa-811c-d8735dfe0fce}</UniqueIdentifier>
    </Filter>
    <Filter Include="Themes\Dark\Content\Images">
      <UniqueIdentifier>{66e42629-d9f5-4e45-85f9-23ac58091847}</UniqueIdentifier>
    </Filter>
    <Filter Include="Themes\Dark\Content\Images\Flags">
      <UniqueIdentifier>{6c115be9-fe1e-434b-8c65-35e9e16ae9eb}</UniqueIdentifier>
    </Filter>
  </ItemGroup>
  <ItemGroup>
    <ClCompile Include="Rotator.cpp">
      <Filter>src\common</Filter>
    </ClCompile>
    <ClCompile Include="GLShader.cpp">
      <Filter>src\rendering</Filter>
    </ClCompile>
    <ClCompile Include="Main.cpp" />
    <ClCompile Include="CubeMesh.cpp">
      <Filter>src\meshes</Filter>
    </ClCompile>
    <ClCompile Include="WindowManager.cpp">
      <Filter>src\rendering</Filter>
    </ClCompile>
    <ClCompile Include="CustomMesh.cpp">
      <Filter>src\meshes</Filter>
    </ClCompile>
    <ClCompile Include="EventListener.cpp">
      <Filter>src\common</Filter>
    </ClCompile>
  </ItemGroup>
  <ItemGroup>
    <ClInclude Include="Rotator.hpp">
      <Filter>headers\common</Filter>
    </ClInclude>
    <ClInclude Include="GLShader.hpp">
      <Filter>headers\rendering</Filter>
    </ClInclude>
    <ClInclude Include="resource.h">
      <Filter>headers</Filter>
    </ClInclude>
    <ClInclude Include="CubeMesh.h">
      <Filter>headers\meshes</Filter>
    </ClInclude>
    <ClInclude Include="main_includes.h">
      <Filter>headers</Filter>
    </ClInclude>
    <ClInclude Include="WindowManager.h">
      <Filter>headers\rendering</Filter>
    </ClInclude>
    <ClInclude Include="CustomMesh.h">
      <Filter>headers\meshes</Filter>
    </ClInclude>
    <ClInclude Include="..\nanogui\include\nanogui\nanogui.h">
      <Filter>headers\common</Filter>
    </ClInclude>
    <ClInclude Include="EventListener.h">
      <Filter>headers\common</Filter>
    </ClInclude>
  </ItemGroup>
  <ItemGroup>
    <None Include="shader.vert">
      <Filter>shaders</Filter>
    </None>
    <None Include="shader.frag">
      <Filter>shaders</Filter>
    </None>
    <None Include="Themes\Dark\Views\Widget.Wrapper.cshtml">
      <Filter>Themes\Dark\Views</Filter>
    </None>
    <None Include="Themes\Dark\Views\Top.cshtml">
      <Filter>Themes\Dark\Views</Filter>
    </None>
    <None Include="Themes\Dark\Views\T3.cshtml">
      <Filter>Themes\Dark\Views</Filter>
    </None>
    <None Include="Themes\Dark\Views\T2.cshtml">
      <Filter>Themes\Dark\Views</Filter>
    </None>
    <None Include="Themes\Dark\Views\T1.cshtml">
      <Filter>Themes\Dark\Views</Filter>
    </None>
    <None Include="Themes\Dark\Views\Q4.cshtml">
      <Filter>Themes\Dark\Views</Filter>
    </None>
    <None Include="Themes\Dark\Views\Q3.cshtml">
      <Filter>Themes\Dark\Views</Filter>
    </None>
    <None Include="Themes\Dark\Views\Q2.cshtml">
      <Filter>Themes\Dark\Views</Filter>
    </None>
    <None Include="Themes\Dark\Views\Q1.cshtml">
      <Filter>Themes\Dark\Views</Filter>
    </None>
    <None Include="Themes\Dark\Views\Layout.cshtml">
      <Filter>Themes\Dark\Views</Filter>
    </None>
    <None Include="Themes\Dark\Views\DocumentNoSearch.cshtml">
      <Filter>Themes\Dark\Views</Filter>
    </None>
    <None Include="Themes\Dark\Views\Document.cshtml">
      <Filter>Themes\Dark\Views</Filter>
    </None>
    <None Include="Themes\Dark\Views\Content.cshtml">
      <Filter>Themes\Dark\Views</Filter>
    </None>
    <None Include="Themes\Dark\Styles\site.css">
      <Filter>Themes\Dark\Styles</Filter>
    </None>
    <None Include="packages.config" />
  </ItemGroup>
  <ItemGroup>
    <ResourceCompile Include="MeshViewer.rc">
      <Filter>Resource Files</Filter>
    </ResourceCompile>
  </ItemGroup>
  <ItemGroup>
    <Text Include="Themes\Dark\Theme.txt">
      <Filter>Themes\Dark</Filter>
    </Text>
    <Text Include="Themes\Dark\Instructions.txt">
      <Filter>Themes\Dark</Filter>
    </Text>
  </ItemGroup>
  <ItemGroup>
    <Image Include="Themes\Dark\Theme.png">
      <Filter>Themes\Dark</Filter>
    </Image>
    <Image Include="Themes\Dark\Styles\C01.TM.png">
      <Filter>Themes\Dark\Styles</Filter>
    </Image>
    <Image Include="Themes\Dark\Styles\C01.TL.png">
      <Filter>Themes\Dark\Styles</Filter>
    </Image>
    <Image Include="Themes\Dark\Styles\C01.BR.png">
      <Filter>Themes\Dark\Styles</Filter>
    </Image>
    <Image Include="Themes\Dark\Content\Images\topbanner.TR.png">
      <Filter>Themes\Dark\Content\Images</Filter>
    </Image>
    <Image Include="Themes\Dark\Content\Images\topbanner.TM.png">
      <Filter>Themes\Dark\Content\Images</Filter>
    </Image>
    <Image Include="Themes\Dark\Content\Images\topbanner.TL.png">
      <Filter>Themes\Dark\Content\Images</Filter>
    </Image>
    <Image Include="Themes\Dark\Content\Images\topbanner.MR.png">
      <Filter>Themes\Dark\Content\Images</Filter>
    </Image>
    <Image Include="Themes\Dark\Content\Images\topbanner.ML.png">
      <Filter>Themes\Dark\Content\Images</Filter>
    </Image>
    <Image Include="Themes\Dark\Content\Images\topbanner.BR.png">
      <Filter>Themes\Dark\Content\Images</Filter>
    </Image>
    <Image Include="Themes\Dark\Content\Images\topbanner.BM.png">
      <Filter>Themes\Dark\Content\Images</Filter>
    </Image>
    <Image Include="Themes\Dark\Content\Images\topbanner.BL.png">
      <Filter>Themes\Dark\Content\Images</Filter>
    </Image>
    <Image Include="Themes\Dark\Content\Images\submenu.arrow.png">
      <Filter>Themes\Dark\Content\Images</Filter>
    </Image>
    <Image Include="Themes\Dark\Content\Images\search.bg.png">
      <Filter>Themes\Dark\Content\Images</Filter>
    </Image>
    <Image Include="Themes\Dark\Content\Images\page.bg.lights.png">
      <Filter>Themes\Dark\Content\Images</Filter>
    </Image>
    <Image Include="Themes\Dark\Content\Images\page.bg.dots.png">
      <Filter>Themes\Dark\Content\Images</Filter>
    </Image>
    <Image Include="Themes\Dark\Content\Images\menuVitem.png">
      <Filter>Themes\Dark\Content\Images</Filter>
    </Image>
    <Image Include="Themes\Dark\Content\Images\menuV.TR.png">
      <Filter>Themes\Dark\Content\Images</Filter>
    </Image>
    <Image Include="Themes\Dark\Content\Images\menuV.TL.png">
      <Filter>Themes\Dark\Content\Images</Filter>
    </Image>
    <Image Include="Themes\Dark\Content\Images\menu.bg.png">
      <Filter>Themes\Dark\Content\Images</Filter>
    </Image>
    <Image Include="Themes\Dark\Content\Images\menu.arrow.png">
      <Filter>Themes\Dark\Content\Images</Filter>
    </Image>
    <Image Include="Themes\Dark\Content\Images\logo.png">
      <Filter>Themes\Dark\Content\Images</Filter>
    </Image>
    <Image Include="Themes\Dark\Content\Images\inputbtn.png">
      <Filter>Themes\Dark\Content\Images</Filter>
    </Image>
    <Image Include="Themes\Dark\Content\Images\header.shadow.png">
      <Filter>Themes\Dark\Content\Images</Filter>
    </Image>
    <Image Include="Themes\Dark\Content\Images\footerimage.demo.png">
      <Filter>Themes\Dark\Content\Images</Filter>
    </Image>
    <Image Include="Themes\Dark\Content\Images\footer.R.png">
      <Filter>Themes\Dark\Content\Images</Filter>
    </Image>
    <Image Include="Themes\Dark\Content\Images\footer.M.png">
      <Filter>Themes\Dark\Content\Images</Filter>
    </Image>
    <Image Include="Themes\Dark\Content\Images\footer.L.png">
      <Filter>Themes\Dark\Content\Images</Filter>
    </Image>
    <Image Include="Themes\Dark\Content\Images\footer.bg.png">
      <Filter>Themes\Dark\Content\Images</Filter>
    </Image>
    <Image Include="Themes\Dark\Content\Images\Flags\pt-PT.gif">
      <Filter>Themes\Dark\Content\Images\Flags</Filter>
    </Image>
    <Image Include="Themes\Dark\Content\Images\Flags\en-US.gif">
      <Filter>Themes\Dark\Content\Images\Flags</Filter>
    </Image>
    <Image Include="Themes\Dark\Content\Images\DarkHeader.jpg">
      <Filter>Themes\Dark\Content\Images</Filter>
    </Image>
    <Image Include="Themes\Dark\Content\Images\contentimage.demo.jpg">
      <Filter>Themes\Dark\Content\Images</Filter>
    </Image>
    <Image Include="Themes\Dark\Content\Images\breadcrumb.sep.png">
      <Filter>Themes\Dark\Content\Images</Filter>
    </Image>
    <Image Include="Themes\Dark\Content\Images\breadcrumb.home.png">
      <Filter>Themes\Dark\Content\Images</Filter>
    </Image>
    <Image Include="Themes\Dark\Content\Images\breadcrumb.bg.png">
      <Filter>Themes\Dark\Content\Images</Filter>
    </Image>
    <Image Include="Themes\Dark\Content\Images\banner.demo.jpg">
      <Filter>Themes\Dark\Content\Images</Filter>
    </Image>
  </ItemGroup>
</Project>